
Microsoft Visual Studio Solution File, Format Version 12.00
Project("{FAE04EC0-301F-11D3-BF4B-00C04F79EFBC}") = "CoreDiagnostics", "CoreDiagnostics\CoreDiagnostics.csproj", "{847C8D84-D409-4D0C-8A73-4C71AF1CB86E}"
EndProject
Global
	GlobalSection(SolutionConfigurationPlatforms) = preSolution
		Debug|Any CPU = Debug|Any CPU
		Release|Any CPU = Release|Any CPU
	EndGlobalSection
	GlobalSection(ProjectConfigurationPlatforms) = postSolution
		{847C8D84-D409-4D0C-8A73-4C71AF1CB86E}.Debug|Any CPU.ActiveCfg = Debug|Any CPU
		{847C8D84-D409-4D0C-8A73-4C71AF1CB86E}.Debug|Any CPU.Build.0 = Debug|Any CPU
		{847C8D84-D409-4D0C-8A73-4C71AF1CB86E}.Release|Any CPU.ActiveCfg = Release|Any CPU
		{847C8D84-D409-4D0C-8A73-4C71AF1CB86E}.Release|Any CPU.Build.0 = Release|Any CPU
	EndGlobalSection
EndGlobal
