
Microsoft Visual Studio Solution File, Format Version 12.00
Project("{FAE04EC0-301F-11D3-BF4B-00C04F79EFBC}") = "AkkaGame", "AkkaGame\AkkaGame.csproj", "{7378B667-1E04-4FC1-B9C5-1F51AD06F603}"
EndProject
Global
	GlobalSection(SolutionConfigurationPlatforms) = preSolution
		Debug|Any CPU = Debug|Any CPU
		Release|Any CPU = Release|Any CPU
	EndGlobalSection
	GlobalSection(ProjectConfigurationPlatforms) = postSolution
		{7378B667-1E04-4FC1-B9C5-1F51AD06F603}.Debug|Any CPU.ActiveCfg = Debug|Any CPU
		{7378B667-1E04-4FC1-B9C5-1F51AD06F603}.Debug|Any CPU.Build.0 = Debug|Any CPU
		{7378B667-1E04-4FC1-B9C5-1F51AD06F603}.Release|Any CPU.ActiveCfg = Release|Any CPU
		{7378B667-1E04-4FC1-B9C5-1F51AD06F603}.Release|Any CPU.Build.0 = Release|Any CPU
	EndGlobalSection
EndGlobal
