
Microsoft Visual Studio Solution File, Format Version 12.00
Project("{FAE04EC0-301F-11D3-BF4B-00C04F79EFBC}") = "ActorWordCounter", "ActorWordCounter\ActorWordCounter.csproj", "{88E6A49D-B32E-43D0-9B9E-C2DACF2A2263}"
EndProject
Global
	GlobalSection(SolutionConfigurationPlatforms) = preSolution
		Debug|Any CPU = Debug|Any CPU
		Release|Any CPU = Release|Any CPU
	EndGlobalSection
	GlobalSection(ProjectConfigurationPlatforms) = postSolution
		{88E6A49D-B32E-43D0-9B9E-C2DACF2A2263}.Debug|Any CPU.ActiveCfg = Debug|Any CPU
		{88E6A49D-B32E-43D0-9B9E-C2DACF2A2263}.Debug|Any CPU.Build.0 = Debug|Any CPU
		{88E6A49D-B32E-43D0-9B9E-C2DACF2A2263}.Release|Any CPU.ActiveCfg = Release|Any CPU
		{88E6A49D-B32E-43D0-9B9E-C2DACF2A2263}.Release|Any CPU.Build.0 = Release|Any CPU
	EndGlobalSection
	GlobalSection(NestedProjects) = preSolution
	EndGlobalSection
EndGlobal
