
Microsoft Visual Studio Solution File, Format Version 12.00
# Visual Studio 15
VisualStudioVersion = 15.0.26124.0
MinimumVisualStudioVersion = 15.0.26124.0
Project("{2150E333-8FDC-42A3-9474-1A3956D46DE8}") = "src", "src", "{C397A34C-84F1-49E7-AEBC-2F9F2B196216}"
EndProject
Project("{2150E333-8FDC-42A3-9474-1A3956D46DE8}") = "tests", "tests", "{ACBEE43C-7A88-4FB1-9B06-DB064D22B29F}"
EndProject
Project("{F2A71F9B-5D33-465A-A702-920D77279786}") = "Spectrux.Tests", "tests\Spectrux.Tests\Spectrux.Tests.fsproj", "{1CA2E092-2320-451D-A4F0-9ED7C7C528CA}"
EndProject
Project("{FAE04EC0-301F-11D3-BF4B-00C04F79EFBC}") = "CSharp.Parallelx", "src\CSharp.Parallelx\CSharp.Parallelx.csproj", "{11BD7644-8551-44C9-9358-296E49D47F94}"
EndProject
Project("{F2A71F9B-5D33-465A-A702-920D77279786}") = "FSharp.Parallelx", "src\FSharp.Parallelx\FSharp.Parallelx.fsproj", "{04C07BDF-4071-4551-86CF-3E2B7E70FA70}"
EndProject
Project("{F2A71F9B-5D33-465A-A702-920D77279786}") = "Benchmarks", "src\Benchmarks\Benchmarks.fsproj", "{01E13204-6F9A-4057-BFAB-2DBC32684C34}"
EndProject
Project("{F2A71F9B-5D33-465A-A702-920D77279786}") = "ConsoleApp", "src\ConsoleApp\ConsoleApp.fsproj", "{663BD47F-A45C-4298-B4BA-C50240295285}"
EndProject
Global
	GlobalSection(SolutionConfigurationPlatforms) = preSolution
		Debug|Any CPU = Debug|Any CPU
		Debug|x64 = Debug|x64
		Debug|x86 = Debug|x86
		Release|Any CPU = Release|Any CPU
		Release|x64 = Release|x64
		Release|x86 = Release|x86
	EndGlobalSection
	GlobalSection(SolutionProperties) = preSolution
		HideSolutionNode = FALSE
	EndGlobalSection
	GlobalSection(ProjectConfigurationPlatforms) = postSolution
		{1CA2E092-2320-451D-A4F0-9ED7C7C528CA}.Debug|Any CPU.ActiveCfg = Debug|Any CPU
		{1CA2E092-2320-451D-A4F0-9ED7C7C528CA}.Debug|Any CPU.Build.0 = Debug|Any CPU
		{1CA2E092-2320-451D-A4F0-9ED7C7C528CA}.Debug|x64.ActiveCfg = Debug|x64
		{1CA2E092-2320-451D-A4F0-9ED7C7C528CA}.Debug|x64.Build.0 = Debug|x64
		{1CA2E092-2320-451D-A4F0-9ED7C7C528CA}.Debug|x86.ActiveCfg = Debug|x86
		{1CA2E092-2320-451D-A4F0-9ED7C7C528CA}.Debug|x86.Build.0 = Debug|x86
		{1CA2E092-2320-451D-A4F0-9ED7C7C528CA}.Release|Any CPU.ActiveCfg = Release|Any CPU
		{1CA2E092-2320-451D-A4F0-9ED7C7C528CA}.Release|Any CPU.Build.0 = Release|Any CPU
		{1CA2E092-2320-451D-A4F0-9ED7C7C528CA}.Release|x64.ActiveCfg = Release|x64
		{1CA2E092-2320-451D-A4F0-9ED7C7C528CA}.Release|x64.Build.0 = Release|x64
		{1CA2E092-2320-451D-A4F0-9ED7C7C528CA}.Release|x86.ActiveCfg = Release|x86
		{1CA2E092-2320-451D-A4F0-9ED7C7C528CA}.Release|x86.Build.0 = Release|x86
		{70FB58FB-F046-42E5-BFD1-C77664A87B25}.Debug|Any CPU.ActiveCfg = Debug|Any CPU
		{70FB58FB-F046-42E5-BFD1-C77664A87B25}.Debug|Any CPU.Build.0 = Debug|Any CPU
		{70FB58FB-F046-42E5-BFD1-C77664A87B25}.Debug|x64.ActiveCfg = Debug|Any CPU
		{70FB58FB-F046-42E5-BFD1-C77664A87B25}.Debug|x64.Build.0 = Debug|Any CPU
		{70FB58FB-F046-42E5-BFD1-C77664A87B25}.Debug|x86.ActiveCfg = Debug|Any CPU
		{70FB58FB-F046-42E5-BFD1-C77664A87B25}.Debug|x86.Build.0 = Debug|Any CPU
		{70FB58FB-F046-42E5-BFD1-C77664A87B25}.Release|Any CPU.ActiveCfg = Release|Any CPU
		{70FB58FB-F046-42E5-BFD1-C77664A87B25}.Release|Any CPU.Build.0 = Release|Any CPU
		{70FB58FB-F046-42E5-BFD1-C77664A87B25}.Release|x64.ActiveCfg = Release|Any CPU
		{70FB58FB-F046-42E5-BFD1-C77664A87B25}.Release|x64.Build.0 = Release|Any CPU
		{70FB58FB-F046-42E5-BFD1-C77664A87B25}.Release|x86.ActiveCfg = Release|Any CPU
		{70FB58FB-F046-42E5-BFD1-C77664A87B25}.Release|x86.Build.0 = Release|Any CPU
		{71A390D7-C1F8-41D3-8DF8-5316AE252B40}.Debug|Any CPU.ActiveCfg = Debug|Any CPU
		{71A390D7-C1F8-41D3-8DF8-5316AE252B40}.Debug|Any CPU.Build.0 = Debug|Any CPU
		{71A390D7-C1F8-41D3-8DF8-5316AE252B40}.Debug|x64.ActiveCfg = Debug|Any CPU
		{71A390D7-C1F8-41D3-8DF8-5316AE252B40}.Debug|x64.Build.0 = Debug|Any CPU
		{71A390D7-C1F8-41D3-8DF8-5316AE252B40}.Debug|x86.ActiveCfg = Debug|Any CPU
		{71A390D7-C1F8-41D3-8DF8-5316AE252B40}.Debug|x86.Build.0 = Debug|Any CPU
		{71A390D7-C1F8-41D3-8DF8-5316AE252B40}.Release|Any CPU.ActiveCfg = Release|Any CPU
		{71A390D7-C1F8-41D3-8DF8-5316AE252B40}.Release|Any CPU.Build.0 = Release|Any CPU
		{71A390D7-C1F8-41D3-8DF8-5316AE252B40}.Release|x64.ActiveCfg = Release|Any CPU
		{71A390D7-C1F8-41D3-8DF8-5316AE252B40}.Release|x64.Build.0 = Release|Any CPU
		{71A390D7-C1F8-41D3-8DF8-5316AE252B40}.Release|x86.ActiveCfg = Release|Any CPU
		{71A390D7-C1F8-41D3-8DF8-5316AE252B40}.Release|x86.Build.0 = Release|Any CPU
		{11BD7644-8551-44C9-9358-296E49D47F94}.Debug|Any CPU.ActiveCfg = Debug|Any CPU
		{11BD7644-8551-44C9-9358-296E49D47F94}.Debug|Any CPU.Build.0 = Debug|Any CPU
		{11BD7644-8551-44C9-9358-296E49D47F94}.Debug|x64.ActiveCfg = Debug|Any CPU
		{11BD7644-8551-44C9-9358-296E49D47F94}.Debug|x64.Build.0 = Debug|Any CPU
		{11BD7644-8551-44C9-9358-296E49D47F94}.Debug|x86.ActiveCfg = Debug|Any CPU
		{11BD7644-8551-44C9-9358-296E49D47F94}.Debug|x86.Build.0 = Debug|Any CPU
		{11BD7644-8551-44C9-9358-296E49D47F94}.Release|Any CPU.ActiveCfg = Release|Any CPU
		{11BD7644-8551-44C9-9358-296E49D47F94}.Release|Any CPU.Build.0 = Release|Any CPU
		{11BD7644-8551-44C9-9358-296E49D47F94}.Release|x64.ActiveCfg = Release|Any CPU
		{11BD7644-8551-44C9-9358-296E49D47F94}.Release|x64.Build.0 = Release|Any CPU
		{11BD7644-8551-44C9-9358-296E49D47F94}.Release|x86.ActiveCfg = Release|Any CPU
		{11BD7644-8551-44C9-9358-296E49D47F94}.Release|x86.Build.0 = Release|Any CPU
		{04C07BDF-4071-4551-86CF-3E2B7E70FA70}.Debug|Any CPU.ActiveCfg = Debug|Any CPU
		{04C07BDF-4071-4551-86CF-3E2B7E70FA70}.Debug|Any CPU.Build.0 = Debug|Any CPU
		{04C07BDF-4071-4551-86CF-3E2B7E70FA70}.Debug|x64.ActiveCfg = Debug|Any CPU
		{04C07BDF-4071-4551-86CF-3E2B7E70FA70}.Debug|x64.Build.0 = Debug|Any CPU
		{04C07BDF-4071-4551-86CF-3E2B7E70FA70}.Debug|x86.ActiveCfg = Debug|Any CPU
		{04C07BDF-4071-4551-86CF-3E2B7E70FA70}.Debug|x86.Build.0 = Debug|Any CPU
		{04C07BDF-4071-4551-86CF-3E2B7E70FA70}.Release|Any CPU.ActiveCfg = Release|Any CPU
		{04C07BDF-4071-4551-86CF-3E2B7E70FA70}.Release|Any CPU.Build.0 = Release|Any CPU
		{04C07BDF-4071-4551-86CF-3E2B7E70FA70}.Release|x64.ActiveCfg = Release|Any CPU
		{04C07BDF-4071-4551-86CF-3E2B7E70FA70}.Release|x64.Build.0 = Release|Any CPU
		{04C07BDF-4071-4551-86CF-3E2B7E70FA70}.Release|x86.ActiveCfg = Release|Any CPU
		{04C07BDF-4071-4551-86CF-3E2B7E70FA70}.Release|x86.Build.0 = Release|Any CPU
		{68BFE22C-8466-4E91-AC35-5EA44B9B5AE3}.Debug|Any CPU.ActiveCfg = Debug|Any CPU
		{68BFE22C-8466-4E91-AC35-5EA44B9B5AE3}.Debug|Any CPU.Build.0 = Debug|Any CPU
		{68BFE22C-8466-4E91-AC35-5EA44B9B5AE3}.Debug|x64.ActiveCfg = Debug|Any CPU
		{68BFE22C-8466-4E91-AC35-5EA44B9B5AE3}.Debug|x64.Build.0 = Debug|Any CPU
		{68BFE22C-8466-4E91-AC35-5EA44B9B5AE3}.Debug|x86.ActiveCfg = Debug|Any CPU
		{68BFE22C-8466-4E91-AC35-5EA44B9B5AE3}.Debug|x86.Build.0 = Debug|Any CPU
		{68BFE22C-8466-4E91-AC35-5EA44B9B5AE3}.Release|Any CPU.ActiveCfg = Release|Any CPU
		{68BFE22C-8466-4E91-AC35-5EA44B9B5AE3}.Release|Any CPU.Build.0 = Release|Any CPU
		{68BFE22C-8466-4E91-AC35-5EA44B9B5AE3}.Release|x64.ActiveCfg = Release|Any CPU
		{68BFE22C-8466-4E91-AC35-5EA44B9B5AE3}.Release|x64.Build.0 = Release|Any CPU
		{68BFE22C-8466-4E91-AC35-5EA44B9B5AE3}.Release|x86.ActiveCfg = Release|Any CPU
		{68BFE22C-8466-4E91-AC35-5EA44B9B5AE3}.Release|x86.Build.0 = Release|Any CPU
		{01E13204-6F9A-4057-BFAB-2DBC32684C34}.Debug|Any CPU.ActiveCfg = Debug|Any CPU
		{01E13204-6F9A-4057-BFAB-2DBC32684C34}.Debug|Any CPU.Build.0 = Debug|Any CPU
		{01E13204-6F9A-4057-BFAB-2DBC32684C34}.Debug|x64.ActiveCfg = Debug|Any CPU
		{01E13204-6F9A-4057-BFAB-2DBC32684C34}.Debug|x64.Build.0 = Debug|Any CPU
		{01E13204-6F9A-4057-BFAB-2DBC32684C34}.Debug|x86.ActiveCfg = Debug|Any CPU
		{01E13204-6F9A-4057-BFAB-2DBC32684C34}.Debug|x86.Build.0 = Debug|Any CPU
		{01E13204-6F9A-4057-BFAB-2DBC32684C34}.Release|Any CPU.ActiveCfg = Release|Any CPU
		{01E13204-6F9A-4057-BFAB-2DBC32684C34}.Release|Any CPU.Build.0 = Release|Any CPU
		{01E13204-6F9A-4057-BFAB-2DBC32684C34}.Release|x64.ActiveCfg = Release|Any CPU
		{01E13204-6F9A-4057-BFAB-2DBC32684C34}.Release|x64.Build.0 = Release|Any CPU
		{01E13204-6F9A-4057-BFAB-2DBC32684C34}.Release|x86.ActiveCfg = Release|Any CPU
		{01E13204-6F9A-4057-BFAB-2DBC32684C34}.Release|x86.Build.0 = Release|Any CPU
		{663BD47F-A45C-4298-B4BA-C50240295285}.Debug|Any CPU.ActiveCfg = Debug|Any CPU
		{663BD47F-A45C-4298-B4BA-C50240295285}.Debug|Any CPU.Build.0 = Debug|Any CPU
		{663BD47F-A45C-4298-B4BA-C50240295285}.Debug|x64.ActiveCfg = Debug|Any CPU
		{663BD47F-A45C-4298-B4BA-C50240295285}.Debug|x64.Build.0 = Debug|Any CPU
		{663BD47F-A45C-4298-B4BA-C50240295285}.Debug|x86.ActiveCfg = Debug|Any CPU
		{663BD47F-A45C-4298-B4BA-C50240295285}.Debug|x86.Build.0 = Debug|Any CPU
		{663BD47F-A45C-4298-B4BA-C50240295285}.Release|Any CPU.ActiveCfg = Release|Any CPU
		{663BD47F-A45C-4298-B4BA-C50240295285}.Release|Any CPU.Build.0 = Release|Any CPU
		{663BD47F-A45C-4298-B4BA-C50240295285}.Release|x64.ActiveCfg = Release|Any CPU
		{663BD47F-A45C-4298-B4BA-C50240295285}.Release|x64.Build.0 = Release|Any CPU
		{663BD47F-A45C-4298-B4BA-C50240295285}.Release|x86.ActiveCfg = Release|Any CPU
		{663BD47F-A45C-4298-B4BA-C50240295285}.Release|x86.Build.0 = Release|Any CPU
	EndGlobalSection
	GlobalSection(NestedProjects) = preSolution
		{1CA2E092-2320-451D-A4F0-9ED7C7C528CA} = {ACBEE43C-7A88-4FB1-9B06-DB064D22B29F}
		{70FB58FB-F046-42E5-BFD1-C77664A87B25} = {C397A34C-84F1-49E7-AEBC-2F9F2B196216}
		{71A390D7-C1F8-41D3-8DF8-5316AE252B40} = {C397A34C-84F1-49E7-AEBC-2F9F2B196216}
		{11BD7644-8551-44C9-9358-296E49D47F94} = {C397A34C-84F1-49E7-AEBC-2F9F2B196216}
		{04C07BDF-4071-4551-86CF-3E2B7E70FA70} = {C397A34C-84F1-49E7-AEBC-2F9F2B196216}
		{68BFE22C-8466-4E91-AC35-5EA44B9B5AE3} = {C397A34C-84F1-49E7-AEBC-2F9F2B196216}
		{01E13204-6F9A-4057-BFAB-2DBC32684C34} = {C397A34C-84F1-49E7-AEBC-2F9F2B196216}
		{663BD47F-A45C-4298-B4BA-C50240295285} = {C397A34C-84F1-49E7-AEBC-2F9F2B196216}
	EndGlobalSection
EndGlobal
